
Microsoft Visual Studio Solution File, Format Version 12.00
# Visual Studio Version 16
VisualStudioVersion = 16.0.30503.244
MinimumVisualStudioVersion = 10.0.40219.1
Project("{9A19103F-16F7-4668-BE54-9A1E7A4F7556}") = "w9wen.Lamp.AspNetCore", "w9wen.Lamp.AspNetCore\w9wen.Lamp.AspNetCore.csproj", "{27A8334D-3421-413E-973A-D1292071F150}"
EndProject
Project("{FAE04EC0-301F-11D3-BF4B-00C04F79EFBC}") = "w9wen.Lamp.APP.UI", "w9wen.Lamp.APP.UI\w9wen.Lamp.APP.UI\w9wen.Lamp.APP.UI.csproj", "{C4337A2E-D6A2-452D-B746-76DB52B71A7F}"
EndProject
Project("{FAE04EC0-301F-11D3-BF4B-00C04F79EFBC}") = "w9wen.Lamp.APP.UI.Android", "w9wen.Lamp.APP.UI\w9wen.Lamp.APP.UI.Android\w9wen.Lamp.APP.UI.Android.csproj", "{5AAAA0D1-4F9D-4A20-81E2-2D069D8F4679}"
EndProject
Project("{FAE04EC0-301F-11D3-BF4B-00C04F79EFBC}") = "w9wen.Lamp.APP.UI.iOS", "w9wen.Lamp.APP.UI\w9wen.Lamp.APP.UI.iOS\w9wen.Lamp.APP.UI.iOS.csproj", "{0EA17CE1-A11A-408B-9782-57F9522F7D7D}"
EndProject
Project("{FAE04EC0-301F-11D3-BF4B-00C04F79EFBC}") = "w9wen.Lamp.APP.UI.UWP", "w9wen.Lamp.APP.UI\w9wen.Lamp.APP.UI.UWP\w9wen.Lamp.APP.UI.UWP.csproj", "{4A7B25ED-9D79-43D7-A4FB-51100EBA6673}"
EndProject
Global
	GlobalSection(SolutionConfigurationPlatforms) = preSolution
		Ad-Hoc|Any CPU = Ad-Hoc|Any CPU
		Ad-Hoc|ARM = Ad-Hoc|ARM
		Ad-Hoc|iPhone = Ad-Hoc|iPhone
		Ad-Hoc|iPhoneSimulator = Ad-Hoc|iPhoneSimulator
		Ad-Hoc|x64 = Ad-Hoc|x64
		Ad-Hoc|x86 = Ad-Hoc|x86
		AppStore|Any CPU = AppStore|Any CPU
		AppStore|ARM = AppStore|ARM
		AppStore|iPhone = AppStore|iPhone
		AppStore|iPhoneSimulator = AppStore|iPhoneSimulator
		AppStore|x64 = AppStore|x64
		AppStore|x86 = AppStore|x86
		Debug|Any CPU = Debug|Any CPU
		Debug|ARM = Debug|ARM
		Debug|iPhone = Debug|iPhone
		Debug|iPhoneSimulator = Debug|iPhoneSimulator
		Debug|x64 = Debug|x64
		Debug|x86 = Debug|x86
		Release|Any CPU = Release|Any CPU
		Release|ARM = Release|ARM
		Release|iPhone = Release|iPhone
		Release|iPhoneSimulator = Release|iPhoneSimulator
		Release|x64 = Release|x64
		Release|x86 = Release|x86
	EndGlobalSection
	GlobalSection(ProjectConfigurationPlatforms) = postSolution
		{27A8334D-3421-413E-973A-D1292071F150}.Ad-Hoc|Any CPU.ActiveCfg = Release|Any CPU
		{27A8334D-3421-413E-973A-D1292071F150}.Ad-Hoc|Any CPU.Build.0 = Release|Any CPU
		{27A8334D-3421-413E-973A-D1292071F150}.Ad-Hoc|ARM.ActiveCfg = Release|Any CPU
		{27A8334D-3421-413E-973A-D1292071F150}.Ad-Hoc|ARM.Build.0 = Release|Any CPU
		{27A8334D-3421-413E-973A-D1292071F150}.Ad-Hoc|iPhone.ActiveCfg = Release|Any CPU
		{27A8334D-3421-413E-973A-D1292071F150}.Ad-Hoc|iPhone.Build.0 = Release|Any CPU
		{27A8334D-3421-413E-973A-D1292071F150}.Ad-Hoc|iPhoneSimulator.ActiveCfg = Release|Any CPU
		{27A8334D-3421-413E-973A-D1292071F150}.Ad-Hoc|iPhoneSimulator.Build.0 = Release|Any CPU
		{27A8334D-3421-413E-973A-D1292071F150}.Ad-Hoc|x64.ActiveCfg = Release|Any CPU
		{27A8334D-3421-413E-973A-D1292071F150}.Ad-Hoc|x64.Build.0 = Release|Any CPU
		{27A8334D-3421-413E-973A-D1292071F150}.Ad-Hoc|x86.ActiveCfg = Release|Any CPU
		{27A8334D-3421-413E-973A-D1292071F150}.Ad-Hoc|x86.Build.0 = Release|Any CPU
		{27A8334D-3421-413E-973A-D1292071F150}.AppStore|Any CPU.ActiveCfg = Release|Any CPU
		{27A8334D-3421-413E-973A-D1292071F150}.AppStore|Any CPU.Build.0 = Release|Any CPU
		{27A8334D-3421-413E-973A-D1292071F150}.AppStore|ARM.ActiveCfg = Release|Any CPU
		{27A8334D-3421-413E-973A-D1292071F150}.AppStore|ARM.Build.0 = Release|Any CPU
		{27A8334D-3421-413E-973A-D1292071F150}.AppStore|iPhone.ActiveCfg = Release|Any CPU
		{27A8334D-3421-413E-973A-D1292071F150}.AppStore|iPhone.Build.0 = Release|Any CPU
		{27A8334D-3421-413E-973A-D1292071F150}.AppStore|iPhoneSimulator.ActiveCfg = Release|Any CPU
		{27A8334D-3421-413E-973A-D1292071F150}.AppStore|iPhoneSimulator.Build.0 = Release|Any CPU
		{27A8334D-3421-413E-973A-D1292071F150}.AppStore|x64.ActiveCfg = Release|Any CPU
		{27A8334D-3421-413E-973A-D1292071F150}.AppStore|x64.Build.0 = Release|Any CPU
		{27A8334D-3421-413E-973A-D1292071F150}.AppStore|x86.ActiveCfg = Release|Any CPU
		{27A8334D-3421-413E-973A-D1292071F150}.AppStore|x86.Build.0 = Release|Any CPU
		{27A8334D-3421-413E-973A-D1292071F150}.Debug|Any CPU.ActiveCfg = Debug|Any CPU
		{27A8334D-3421-413E-973A-D1292071F150}.Debug|Any CPU.Build.0 = Debug|Any CPU
		{27A8334D-3421-413E-973A-D1292071F150}.Debug|ARM.ActiveCfg = Debug|Any CPU
		{27A8334D-3421-413E-973A-D1292071F150}.Debug|ARM.Build.0 = Debug|Any CPU
		{27A8334D-3421-413E-973A-D1292071F150}.Debug|iPhone.ActiveCfg = Debug|Any CPU
		{27A8334D-3421-413E-973A-D1292071F150}.Debug|iPhone.Build.0 = Debug|Any CPU
		{27A8334D-3421-413E-973A-D1292071F150}.Debug|iPhoneSimulator.ActiveCfg = Debug|Any CPU
		{27A8334D-3421-413E-973A-D1292071F150}.Debug|iPhoneSimulator.Build.0 = Debug|Any CPU
		{27A8334D-3421-413E-973A-D1292071F150}.Debug|x64.ActiveCfg = Debug|Any CPU
		{27A8334D-3421-413E-973A-D1292071F150}.Debug|x64.Build.0 = Debug|Any CPU
		{27A8334D-3421-413E-973A-D1292071F150}.Debug|x86.ActiveCfg = Debug|Any CPU
		{27A8334D-3421-413E-973A-D1292071F150}.Debug|x86.Build.0 = Debug|Any CPU
		{27A8334D-3421-413E-973A-D1292071F150}.Release|Any CPU.ActiveCfg = Release|Any CPU
		{27A8334D-3421-413E-973A-D1292071F150}.Release|Any CPU.Build.0 = Release|Any CPU
		{27A8334D-3421-413E-973A-D1292071F150}.Release|ARM.ActiveCfg = Release|Any CPU
		{27A8334D-3421-413E-973A-D1292071F150}.Release|ARM.Build.0 = Release|Any CPU
		{27A8334D-3421-413E-973A-D1292071F150}.Release|iPhone.ActiveCfg = Release|Any CPU
		{27A8334D-3421-413E-973A-D1292071F150}.Release|iPhone.Build.0 = Release|Any CPU
		{27A8334D-3421-413E-973A-D1292071F150}.Release|iPhoneSimulator.ActiveCfg = Release|Any CPU
		{27A8334D-3421-413E-973A-D1292071F150}.Release|iPhoneSimulator.Build.0 = Release|Any CPU
		{27A8334D-3421-413E-973A-D1292071F150}.Release|x64.ActiveCfg = Release|Any CPU
		{27A8334D-3421-413E-973A-D1292071F150}.Release|x64.Build.0 = Release|Any CPU
		{27A8334D-3421-413E-973A-D1292071F150}.Release|x86.ActiveCfg = Release|Any CPU
		{27A8334D-3421-413E-973A-D1292071F150}.Release|x86.Build.0 = Release|Any CPU
		{C4337A2E-D6A2-452D-B746-76DB52B71A7F}.Ad-Hoc|Any CPU.ActiveCfg = Release|Any CPU
		{C4337A2E-D6A2-452D-B746-76DB52B71A7F}.Ad-Hoc|Any CPU.Build.0 = Release|Any CPU
		{C4337A2E-D6A2-452D-B746-76DB52B71A7F}.Ad-Hoc|ARM.ActiveCfg = Release|Any CPU
		{C4337A2E-D6A2-452D-B746-76DB52B71A7F}.Ad-Hoc|ARM.Build.0 = Release|Any CPU
		{C4337A2E-D6A2-452D-B746-76DB52B71A7F}.Ad-Hoc|iPhone.ActiveCfg = Release|Any CPU
		{C4337A2E-D6A2-452D-B746-76DB52B71A7F}.Ad-Hoc|iPhone.Build.0 = Release|Any CPU
		{C4337A2E-D6A2-452D-B746-76DB52B71A7F}.Ad-Hoc|iPhoneSimulator.ActiveCfg = Release|Any CPU
		{C4337A2E-D6A2-452D-B746-76DB52B71A7F}.Ad-Hoc|iPhoneSimulator.Build.0 = Release|Any CPU
		{C4337A2E-D6A2-452D-B746-76DB52B71A7F}.Ad-Hoc|x64.ActiveCfg = Release|Any CPU
		{C4337A2E-D6A2-452D-B746-76DB52B71A7F}.Ad-Hoc|x64.Build.0 = Release|Any CPU
		{C4337A2E-D6A2-452D-B746-76DB52B71A7F}.Ad-Hoc|x86.ActiveCfg = Release|Any CPU
		{C4337A2E-D6A2-452D-B746-76DB52B71A7F}.Ad-Hoc|x86.Build.0 = Release|Any CPU
		{C4337A2E-D6A2-452D-B746-76DB52B71A7F}.AppStore|Any CPU.ActiveCfg = Release|Any CPU
		{C4337A2E-D6A2-452D-B746-76DB52B71A7F}.AppStore|Any CPU.Build.0 = Release|Any CPU
		{C4337A2E-D6A2-452D-B746-76DB52B71A7F}.AppStore|ARM.ActiveCfg = Release|Any CPU
		{C4337A2E-D6A2-452D-B746-76DB52B71A7F}.AppStore|ARM.Build.0 = Release|Any CPU
		{C4337A2E-D6A2-452D-B746-76DB52B71A7F}.AppStore|iPhone.ActiveCfg = Release|Any CPU
		{C4337A2E-D6A2-452D-B746-76DB52B71A7F}.AppStore|iPhone.Build.0 = Release|Any CPU
		{C4337A2E-D6A2-452D-B746-76DB52B71A7F}.AppStore|iPhoneSimulator.ActiveCfg = Release|Any CPU
		{C4337A2E-D6A2-452D-B746-76DB52B71A7F}.AppStore|iPhoneSimulator.Build.0 = Release|Any CPU
		{C4337A2E-D6A2-452D-B746-76DB52B71A7F}.AppStore|x64.ActiveCfg = Release|Any CPU
		{C4337A2E-D6A2-452D-B746-76DB52B71A7F}.AppStore|x64.Build.0 = Release|Any CPU
		{C4337A2E-D6A2-452D-B746-76DB52B71A7F}.AppStore|x86.ActiveCfg = Release|Any CPU
		{C4337A2E-D6A2-452D-B746-76DB52B71A7F}.AppStore|x86.Build.0 = Release|Any CPU
		{C4337A2E-D6A2-452D-B746-76DB52B71A7F}.Debug|Any CPU.ActiveCfg = Debug|Any CPU
		{C4337A2E-D6A2-452D-B746-76DB52B71A7F}.Debug|Any CPU.Build.0 = Debug|Any CPU
		{C4337A2E-D6A2-452D-B746-76DB52B71A7F}.Debug|ARM.ActiveCfg = Debug|Any CPU
		{C4337A2E-D6A2-452D-B746-76DB52B71A7F}.Debug|ARM.Build.0 = Debug|Any CPU
		{C4337A2E-D6A2-452D-B746-76DB52B71A7F}.Debug|iPhone.ActiveCfg = Debug|Any CPU
		{C4337A2E-D6A2-452D-B746-76DB52B71A7F}.Debug|iPhone.Build.0 = Debug|Any CPU
		{C4337A2E-D6A2-452D-B746-76DB52B71A7F}.Debug|iPhoneSimulator.ActiveCfg = Debug|Any CPU
		{C4337A2E-D6A2-452D-B746-76DB52B71A7F}.Debug|iPhoneSimulator.Build.0 = Debug|Any CPU
		{C4337A2E-D6A2-452D-B746-76DB52B71A7F}.Debug|x64.ActiveCfg = Debug|Any CPU
		{C4337A2E-D6A2-452D-B746-76DB52B71A7F}.Debug|x64.Build.0 = Debug|Any CPU
		{C4337A2E-D6A2-452D-B746-76DB52B71A7F}.Debug|x86.ActiveCfg = Debug|Any CPU
		{C4337A2E-D6A2-452D-B746-76DB52B71A7F}.Debug|x86.Build.0 = Debug|Any CPU
		{C4337A2E-D6A2-452D-B746-76DB52B71A7F}.Release|Any CPU.ActiveCfg = Release|Any CPU
		{C4337A2E-D6A2-452D-B746-76DB52B71A7F}.Release|Any CPU.Build.0 = Release|Any CPU
		{C4337A2E-D6A2-452D-B746-76DB52B71A7F}.Release|ARM.ActiveCfg = Release|Any CPU
		{C4337A2E-D6A2-452D-B746-76DB52B71A7F}.Release|ARM.Build.0 = Release|Any CPU
		{C4337A2E-D6A2-452D-B746-76DB52B71A7F}.Release|iPhone.ActiveCfg = Release|Any CPU
		{C4337A2E-D6A2-452D-B746-76DB52B71A7F}.Release|iPhone.Build.0 = Release|Any CPU
		{C4337A2E-D6A2-452D-B746-76DB52B71A7F}.Release|iPhoneSimulator.ActiveCfg = Release|Any CPU
		{C4337A2E-D6A2-452D-B746-76DB52B71A7F}.Release|iPhoneSimulator.Build.0 = Release|Any CPU
		{C4337A2E-D6A2-452D-B746-76DB52B71A7F}.Release|x64.ActiveCfg = Release|Any CPU
		{C4337A2E-D6A2-452D-B746-76DB52B71A7F}.Release|x64.Build.0 = Release|Any CPU
		{C4337A2E-D6A2-452D-B746-76DB52B71A7F}.Release|x86.ActiveCfg = Release|Any CPU
		{C4337A2E-D6A2-452D-B746-76DB52B71A7F}.Release|x86.Build.0 = Release|Any CPU
		{5AAAA0D1-4F9D-4A20-81E2-2D069D8F4679}.Ad-Hoc|Any CPU.ActiveCfg = Debug|Any CPU
		{5AAAA0D1-4F9D-4A20-81E2-2D069D8F4679}.Ad-Hoc|Any CPU.Build.0 = Debug|Any CPU
		{5AAAA0D1-4F9D-4A20-81E2-2D069D8F4679}.Ad-Hoc|Any CPU.Deploy.0 = Debug|Any CPU
		{5AAAA0D1-4F9D-4A20-81E2-2D069D8F4679}.Ad-Hoc|ARM.ActiveCfg = Debug|Any CPU
		{5AAAA0D1-4F9D-4A20-81E2-2D069D8F4679}.Ad-Hoc|ARM.Build.0 = Debug|Any CPU
		{5AAAA0D1-4F9D-4A20-81E2-2D069D8F4679}.Ad-Hoc|ARM.Deploy.0 = Debug|Any CPU
		{5AAAA0D1-4F9D-4A20-81E2-2D069D8F4679}.Ad-Hoc|iPhone.ActiveCfg = Debug|Any CPU
		{5AAAA0D1-4F9D-4A20-81E2-2D069D8F4679}.Ad-Hoc|iPhone.Build.0 = Debug|Any CPU
		{5AAAA0D1-4F9D-4A20-81E2-2D069D8F4679}.Ad-Hoc|iPhone.Deploy.0 = Debug|Any CPU
		{5AAAA0D1-4F9D-4A20-81E2-2D069D8F4679}.Ad-Hoc|iPhoneSimulator.ActiveCfg = Debug|Any CPU
		{5AAAA0D1-4F9D-4A20-81E2-2D069D8F4679}.Ad-Hoc|iPhoneSimulator.Build.0 = Debug|Any CPU
		{5AAAA0D1-4F9D-4A20-81E2-2D069D8F4679}.Ad-Hoc|iPhoneSimulator.Deploy.0 = Debug|Any CPU
		{5AAAA0D1-4F9D-4A20-81E2-2D069D8F4679}.Ad-Hoc|x64.ActiveCfg = Debug|Any CPU
		{5AAAA0D1-4F9D-4A20-81E2-2D069D8F4679}.Ad-Hoc|x64.Build.0 = Debug|Any CPU
		{5AAAA0D1-4F9D-4A20-81E2-2D069D8F4679}.Ad-Hoc|x64.Deploy.0 = Debug|Any CPU
		{5AAAA0D1-4F9D-4A20-81E2-2D069D8F4679}.Ad-Hoc|x86.ActiveCfg = Debug|Any CPU
		{5AAAA0D1-4F9D-4A20-81E2-2D069D8F4679}.Ad-Hoc|x86.Build.0 = Debug|Any CPU
		{5AAAA0D1-4F9D-4A20-81E2-2D069D8F4679}.Ad-Hoc|x86.Deploy.0 = Debug|Any CPU
		{5AAAA0D1-4F9D-4A20-81E2-2D069D8F4679}.AppStore|Any CPU.ActiveCfg = Debug|Any CPU
		{5AAAA0D1-4F9D-4A20-81E2-2D069D8F4679}.AppStore|Any CPU.Build.0 = Debug|Any CPU
		{5AAAA0D1-4F9D-4A20-81E2-2D069D8F4679}.AppStore|Any CPU.Deploy.0 = Debug|Any CPU
		{5AAAA0D1-4F9D-4A20-81E2-2D069D8F4679}.AppStore|ARM.ActiveCfg = Debug|Any CPU
		{5AAAA0D1-4F9D-4A20-81E2-2D069D8F4679}.AppStore|ARM.Build.0 = Debug|Any CPU
		{5AAAA0D1-4F9D-4A20-81E2-2D069D8F4679}.AppStore|ARM.Deploy.0 = Debug|Any CPU
		{5AAAA0D1-4F9D-4A20-81E2-2D069D8F4679}.AppStore|iPhone.ActiveCfg = Debug|Any CPU
		{5AAAA0D1-4F9D-4A20-81E2-2D069D8F4679}.AppStore|iPhone.Build.0 = Debug|Any CPU
		{5AAAA0D1-4F9D-4A20-81E2-2D069D8F4679}.AppStore|iPhone.Deploy.0 = Debug|Any CPU
		{5AAAA0D1-4F9D-4A20-81E2-2D069D8F4679}.AppStore|iPhoneSimulator.ActiveCfg = Debug|Any CPU
		{5AAAA0D1-4F9D-4A20-81E2-2D069D8F4679}.AppStore|iPhoneSimulator.Build.0 = Debug|Any CPU
		{5AAAA0D1-4F9D-4A20-81E2-2D069D8F4679}.AppStore|iPhoneSimulator.Deploy.0 = Debug|Any CPU
		{5AAAA0D1-4F9D-4A20-81E2-2D069D8F4679}.AppStore|x64.ActiveCfg = Debug|Any CPU
		{5AAAA0D1-4F9D-4A20-81E2-2D069D8F4679}.AppStore|x64.Build.0 = Debug|Any CPU
		{5AAAA0D1-4F9D-4A20-81E2-2D069D8F4679}.AppStore|x64.Deploy.0 = Debug|Any CPU
		{5AAAA0D1-4F9D-4A20-81E2-2D069D8F4679}.AppStore|x86.ActiveCfg = Debug|Any CPU
		{5AAAA0D1-4F9D-4A20-81E2-2D069D8F4679}.AppStore|x86.Build.0 = Debug|Any CPU
		{5AAAA0D1-4F9D-4A20-81E2-2D069D8F4679}.AppStore|x86.Deploy.0 = Debug|Any CPU
		{5AAAA0D1-4F9D-4A20-81E2-2D069D8F4679}.Debug|Any CPU.ActiveCfg = Debug|Any CPU
		{5AAAA0D1-4F9D-4A20-81E2-2D069D8F4679}.Debug|Any CPU.Build.0 = Debug|Any CPU
		{5AAAA0D1-4F9D-4A20-81E2-2D069D8F4679}.Debug|Any CPU.Deploy.0 = Debug|Any CPU
		{5AAAA0D1-4F9D-4A20-81E2-2D069D8F4679}.Debug|ARM.ActiveCfg = Debug|Any CPU
		{5AAAA0D1-4F9D-4A20-81E2-2D069D8F4679}.Debug|ARM.Build.0 = Debug|Any CPU
		{5AAAA0D1-4F9D-4A20-81E2-2D069D8F4679}.Debug|ARM.Deploy.0 = Debug|Any CPU
		{5AAAA0D1-4F9D-4A20-81E2-2D069D8F4679}.Debug|iPhone.ActiveCfg = Debug|Any CPU
		{5AAAA0D1-4F9D-4A20-81E2-2D069D8F4679}.Debug|iPhone.Build.0 = Debug|Any CPU
		{5AAAA0D1-4F9D-4A20-81E2-2D069D8F4679}.Debug|iPhone.Deploy.0 = Debug|Any CPU
		{5AAAA0D1-4F9D-4A20-81E2-2D069D8F4679}.Debug|iPhoneSimulator.ActiveCfg = Debug|Any CPU
		{5AAAA0D1-4F9D-4A20-81E2-2D069D8F4679}.Debug|iPhoneSimulator.Build.0 = Debug|Any CPU
		{5AAAA0D1-4F9D-4A20-81E2-2D069D8F4679}.Debug|iPhoneSimulator.Deploy.0 = Debug|Any CPU
		{5AAAA0D1-4F9D-4A20-81E2-2D069D8F4679}.Debug|x64.ActiveCfg = Debug|Any CPU
		{5AAAA0D1-4F9D-4A20-81E2-2D069D8F4679}.Debug|x64.Build.0 = Debug|Any CPU
		{5AAAA0D1-4F9D-4A20-81E2-2D069D8F4679}.Debug|x64.Deploy.0 = Debug|Any CPU
		{5AAAA0D1-4F9D-4A20-81E2-2D069D8F4679}.Debug|x86.ActiveCfg = Debug|Any CPU
		{5AAAA0D1-4F9D-4A20-81E2-2D069D8F4679}.Debug|x86.Build.0 = Debug|Any CPU
		{5AAAA0D1-4F9D-4A20-81E2-2D069D8F4679}.Debug|x86.Deploy.0 = Debug|Any CPU
		{5AAAA0D1-4F9D-4A20-81E2-2D069D8F4679}.Release|Any CPU.ActiveCfg = Release|Any CPU
		{5AAAA0D1-4F9D-4A20-81E2-2D069D8F4679}.Release|Any CPU.Build.0 = Release|Any CPU
		{5AAAA0D1-4F9D-4A20-81E2-2D069D8F4679}.Release|Any CPU.Deploy.0 = Release|Any CPU
		{5AAAA0D1-4F9D-4A20-81E2-2D069D8F4679}.Release|ARM.ActiveCfg = Release|Any CPU
		{5AAAA0D1-4F9D-4A20-81E2-2D069D8F4679}.Release|ARM.Build.0 = Release|Any CPU
		{5AAAA0D1-4F9D-4A20-81E2-2D069D8F4679}.Release|ARM.Deploy.0 = Release|Any CPU
		{5AAAA0D1-4F9D-4A20-81E2-2D069D8F4679}.Release|iPhone.ActiveCfg = Release|Any CPU
		{5AAAA0D1-4F9D-4A20-81E2-2D069D8F4679}.Release|iPhone.Build.0 = Release|Any CPU
		{5AAAA0D1-4F9D-4A20-81E2-2D069D8F4679}.Release|iPhone.Deploy.0 = Release|Any CPU
		{5AAAA0D1-4F9D-4A20-81E2-2D069D8F4679}.Release|iPhoneSimulator.ActiveCfg = Release|Any CPU
		{5AAAA0D1-4F9D-4A20-81E2-2D069D8F4679}.Release|iPhoneSimulator.Build.0 = Release|Any CPU
		{5AAAA0D1-4F9D-4A20-81E2-2D069D8F4679}.Release|iPhoneSimulator.Deploy.0 = Release|Any CPU
		{5AAAA0D1-4F9D-4A20-81E2-2D069D8F4679}.Release|x64.ActiveCfg = Release|Any CPU
		{5AAAA0D1-4F9D-4A20-81E2-2D069D8F4679}.Release|x64.Build.0 = Release|Any CPU
		{5AAAA0D1-4F9D-4A20-81E2-2D069D8F4679}.Release|x64.Deploy.0 = Release|Any CPU
		{5AAAA0D1-4F9D-4A20-81E2-2D069D8F4679}.Release|x86.ActiveCfg = Release|Any CPU
		{5AAAA0D1-4F9D-4A20-81E2-2D069D8F4679}.Release|x86.Build.0 = Release|Any CPU
		{5AAAA0D1-4F9D-4A20-81E2-2D069D8F4679}.Release|x86.Deploy.0 = Release|Any CPU
		{0EA17CE1-A11A-408B-9782-57F9522F7D7D}.Ad-Hoc|Any CPU.ActiveCfg = Ad-Hoc|iPhoneSimulator
		{0EA17CE1-A11A-408B-9782-57F9522F7D7D}.Ad-Hoc|ARM.ActiveCfg = Ad-Hoc|iPhoneSimulator
		{0EA17CE1-A11A-408B-9782-57F9522F7D7D}.Ad-Hoc|iPhone.ActiveCfg = Ad-Hoc|iPhone
		{0EA17CE1-A11A-408B-9782-57F9522F7D7D}.Ad-Hoc|iPhone.Build.0 = Ad-Hoc|iPhone
		{0EA17CE1-A11A-408B-9782-57F9522F7D7D}.Ad-Hoc|iPhoneSimulator.ActiveCfg = Ad-Hoc|iPhoneSimulator
		{0EA17CE1-A11A-408B-9782-57F9522F7D7D}.Ad-Hoc|iPhoneSimulator.Build.0 = Ad-Hoc|iPhoneSimulator
		{0EA17CE1-A11A-408B-9782-57F9522F7D7D}.Ad-Hoc|x64.ActiveCfg = Ad-Hoc|iPhoneSimulator
		{0EA17CE1-A11A-408B-9782-57F9522F7D7D}.Ad-Hoc|x86.ActiveCfg = Ad-Hoc|iPhoneSimulator
		{0EA17CE1-A11A-408B-9782-57F9522F7D7D}.AppStore|Any CPU.ActiveCfg = AppStore|iPhoneSimulator
		{0EA17CE1-A11A-408B-9782-57F9522F7D7D}.AppStore|ARM.ActiveCfg = AppStore|iPhoneSimulator
		{0EA17CE1-A11A-408B-9782-57F9522F7D7D}.AppStore|iPhone.ActiveCfg = AppStore|iPhone
		{0EA17CE1-A11A-408B-9782-57F9522F7D7D}.AppStore|iPhone.Build.0 = AppStore|iPhone
		{0EA17CE1-A11A-408B-9782-57F9522F7D7D}.AppStore|iPhoneSimulator.ActiveCfg = AppStore|iPhoneSimulator
		{0EA17CE1-A11A-408B-9782-57F9522F7D7D}.AppStore|iPhoneSimulator.Build.0 = AppStore|iPhoneSimulator
		{0EA17CE1-A11A-408B-9782-57F9522F7D7D}.AppStore|x64.ActiveCfg = AppStore|iPhoneSimulator
		{0EA17CE1-A11A-408B-9782-57F9522F7D7D}.AppStore|x86.ActiveCfg = AppStore|iPhoneSimulator
		{0EA17CE1-A11A-408B-9782-57F9522F7D7D}.Debug|Any CPU.ActiveCfg = Debug|iPhoneSimulator
		{0EA17CE1-A11A-408B-9782-57F9522F7D7D}.Debug|ARM.ActiveCfg = Debug|iPhoneSimulator
		{0EA17CE1-A11A-408B-9782-57F9522F7D7D}.Debug|iPhone.ActiveCfg = Debug|iPhone
		{0EA17CE1-A11A-408B-9782-57F9522F7D7D}.Debug|iPhone.Build.0 = Debug|iPhone
		{0EA17CE1-A11A-408B-9782-57F9522F7D7D}.Debug|iPhoneSimulator.ActiveCfg = Debug|iPhoneSimulator
		{0EA17CE1-A11A-408B-9782-57F9522F7D7D}.Debug|iPhoneSimulator.Build.0 = Debug|iPhoneSimulator
		{0EA17CE1-A11A-408B-9782-57F9522F7D7D}.Debug|x64.ActiveCfg = Debug|iPhoneSimulator
		{0EA17CE1-A11A-408B-9782-57F9522F7D7D}.Debug|x86.ActiveCfg = Debug|iPhoneSimulator
		{0EA17CE1-A11A-408B-9782-57F9522F7D7D}.Release|Any CPU.ActiveCfg = Release|iPhoneSimulator
		{0EA17CE1-A11A-408B-9782-57F9522F7D7D}.Release|ARM.ActiveCfg = Release|iPhoneSimulator
		{0EA17CE1-A11A-408B-9782-57F9522F7D7D}.Release|iPhone.ActiveCfg = Release|iPhone
		{0EA17CE1-A11A-408B-9782-57F9522F7D7D}.Release|iPhone.Build.0 = Release|iPhone
		{0EA17CE1-A11A-408B-9782-57F9522F7D7D}.Release|iPhoneSimulator.ActiveCfg = Release|iPhoneSimulator
		{0EA17CE1-A11A-408B-9782-57F9522F7D7D}.Release|iPhoneSimulator.Build.0 = Release|iPhoneSimulator
		{0EA17CE1-A11A-408B-9782-57F9522F7D7D}.Release|x64.ActiveCfg = Release|iPhoneSimulator
		{0EA17CE1-A11A-408B-9782-57F9522F7D7D}.Release|x86.ActiveCfg = Release|iPhoneSimulator
		{4A7B25ED-9D79-43D7-A4FB-51100EBA6673}.Ad-Hoc|Any CPU.ActiveCfg = Debug|ARM
		{4A7B25ED-9D79-43D7-A4FB-51100EBA6673}.Ad-Hoc|Any CPU.Build.0 = Debug|ARM
		{4A7B25ED-9D79-43D7-A4FB-51100EBA6673}.Ad-Hoc|Any CPU.Deploy.0 = Debug|ARM
		{4A7B25ED-9D79-43D7-A4FB-51100EBA6673}.Ad-Hoc|ARM.ActiveCfg = Debug|ARM
		{4A7B25ED-9D79-43D7-A4FB-51100EBA6673}.Ad-Hoc|ARM.Build.0 = Debug|ARM
		{4A7B25ED-9D79-43D7-A4FB-51100EBA6673}.Ad-Hoc|ARM.Deploy.0 = Debug|ARM
		{4A7B25ED-9D79-43D7-A4FB-51100EBA6673}.Ad-Hoc|iPhone.ActiveCfg = Debug|ARM
		{4A7B25ED-9D79-43D7-A4FB-51100EBA6673}.Ad-Hoc|iPhone.Build.0 = Debug|ARM
		{4A7B25ED-9D79-43D7-A4FB-51100EBA6673}.Ad-Hoc|iPhone.Deploy.0 = Debug|ARM
		{4A7B25ED-9D79-43D7-A4FB-51100EBA6673}.Ad-Hoc|iPhoneSimulator.ActiveCfg = Debug|ARM
		{4A7B25ED-9D79-43D7-A4FB-51100EBA6673}.Ad-Hoc|iPhoneSimulator.Build.0 = Debug|ARM
		{4A7B25ED-9D79-43D7-A4FB-51100EBA6673}.Ad-Hoc|iPhoneSimulator.Deploy.0 = Debug|ARM
		{4A7B25ED-9D79-43D7-A4FB-51100EBA6673}.Ad-Hoc|x64.ActiveCfg = Debug|x64
		{4A7B25ED-9D79-43D7-A4FB-51100EBA6673}.Ad-Hoc|x64.Build.0 = Debug|x64
		{4A7B25ED-9D79-43D7-A4FB-51100EBA6673}.Ad-Hoc|x64.Deploy.0 = Debug|x64
		{4A7B25ED-9D79-43D7-A4FB-51100EBA6673}.Ad-Hoc|x86.ActiveCfg = Debug|x86
		{4A7B25ED-9D79-43D7-A4FB-51100EBA6673}.Ad-Hoc|x86.Build.0 = Debug|x86
		{4A7B25ED-9D79-43D7-A4FB-51100EBA6673}.Ad-Hoc|x86.Deploy.0 = Debug|x86
		{4A7B25ED-9D79-43D7-A4FB-51100EBA6673}.AppStore|Any CPU.ActiveCfg = Debug|ARM
		{4A7B25ED-9D79-43D7-A4FB-51100EBA6673}.AppStore|Any CPU.Build.0 = Debug|ARM
		{4A7B25ED-9D79-43D7-A4FB-51100EBA6673}.AppStore|Any CPU.Deploy.0 = Debug|ARM
		{4A7B25ED-9D79-43D7-A4FB-51100EBA6673}.AppStore|ARM.ActiveCfg = Debug|ARM
		{4A7B25ED-9D79-43D7-A4FB-51100EBA6673}.AppStore|ARM.Build.0 = Debug|ARM
		{4A7B25ED-9D79-43D7-A4FB-51100EBA6673}.AppStore|ARM.Deploy.0 = Debug|ARM
		{4A7B25ED-9D79-43D7-A4FB-51100EBA6673}.AppStore|iPhone.ActiveCfg = Debug|ARM
		{4A7B25ED-9D79-43D7-A4FB-51100EBA6673}.AppStore|iPhone.Build.0 = Debug|ARM
		{4A7B25ED-9D79-43D7-A4FB-51100EBA6673}.AppStore|iPhone.Deploy.0 = Debug|ARM
		{4A7B25ED-9D79-43D7-A4FB-51100EBA6673}.AppStore|iPhoneSimulator.ActiveCfg = Debug|ARM
		{4A7B25ED-9D79-43D7-A4FB-51100EBA6673}.AppStore|iPhoneSimulator.Build.0 = Debug|ARM
		{4A7B25ED-9D79-43D7-A4FB-51100EBA6673}.AppStore|iPhoneSimulator.Deploy.0 = Debug|ARM
		{4A7B25ED-9D79-43D7-A4FB-51100EBA6673}.AppStore|x64.ActiveCfg = Debug|x64
		{4A7B25ED-9D79-43D7-A4FB-51100EBA6673}.AppStore|x64.Build.0 = Debug|x64
		{4A7B25ED-9D79-43D7-A4FB-51100EBA6673}.AppStore|x64.Deploy.0 = Debug|x64
		{4A7B25ED-9D79-43D7-A4FB-51100EBA6673}.AppStore|x86.ActiveCfg = Debug|x86
		{4A7B25ED-9D79-43D7-A4FB-51100EBA6673}.AppStore|x86.Build.0 = Debug|x86
		{4A7B25ED-9D79-43D7-A4FB-51100EBA6673}.AppStore|x86.Deploy.0 = Debug|x86
		{4A7B25ED-9D79-43D7-A4FB-51100EBA6673}.Debug|Any CPU.ActiveCfg = Debug|x86
		{4A7B25ED-9D79-43D7-A4FB-51100EBA6673}.Debug|ARM.ActiveCfg = Debug|ARM
		{4A7B25ED-9D79-43D7-A4FB-51100EBA6673}.Debug|ARM.Build.0 = Debug|ARM
		{4A7B25ED-9D79-43D7-A4FB-51100EBA6673}.Debug|ARM.Deploy.0 = Debug|ARM
		{4A7B25ED-9D79-43D7-A4FB-51100EBA6673}.Debug|iPhone.ActiveCfg = Debug|x86
		{4A7B25ED-9D79-43D7-A4FB-51100EBA6673}.Debug|iPhoneSimulator.ActiveCfg = Debug|x86
		{4A7B25ED-9D79-43D7-A4FB-51100EBA6673}.Debug|x64.ActiveCfg = Debug|x64
		{4A7B25ED-9D79-43D7-A4FB-51100EBA6673}.Debug|x64.Build.0 = Debug|x64
		{4A7B25ED-9D79-43D7-A4FB-51100EBA6673}.Debug|x64.Deploy.0 = Debug|x64
		{4A7B25ED-9D79-43D7-A4FB-51100EBA6673}.Debug|x86.ActiveCfg = Debug|x86
		{4A7B25ED-9D79-43D7-A4FB-51100EBA6673}.Debug|x86.Build.0 = Debug|x86
		{4A7B25ED-9D79-43D7-A4FB-51100EBA6673}.Debug|x86.Deploy.0 = Debug|x86
		{4A7B25ED-9D79-43D7-A4FB-51100EBA6673}.Release|Any CPU.ActiveCfg = Release|x86
		{4A7B25ED-9D79-43D7-A4FB-51100EBA6673}.Release|ARM.ActiveCfg = Release|ARM
		{4A7B25ED-9D79-43D7-A4FB-51100EBA6673}.Release|ARM.Build.0 = Release|ARM
		{4A7B25ED-9D79-43D7-A4FB-51100EBA6673}.Release|ARM.Deploy.0 = Release|ARM
		{4A7B25ED-9D79-43D7-A4FB-51100EBA6673}.Release|iPhone.ActiveCfg = Release|x86
		{4A7B25ED-9D79-43D7-A4FB-51100EBA6673}.Release|iPhoneSimulator.ActiveCfg = Release|x86
		{4A7B25ED-9D79-43D7-A4FB-51100EBA6673}.Release|x64.ActiveCfg = Release|x64
		{4A7B25ED-9D79-43D7-A4FB-51100EBA6673}.Release|x64.Build.0 = Release|x64
		{4A7B25ED-9D79-43D7-A4FB-51100EBA6673}.Release|x64.Deploy.0 = Release|x64
		{4A7B25ED-9D79-43D7-A4FB-51100EBA6673}.Release|x86.ActiveCfg = Release|x86
		{4A7B25ED-9D79-43D7-A4FB-51100EBA6673}.Release|x86.Build.0 = Release|x86
		{4A7B25ED-9D79-43D7-A4FB-51100EBA6673}.Release|x86.Deploy.0 = Release|x86
	EndGlobalSection
	GlobalSection(SolutionProperties) = preSolution
		HideSolutionNode = FALSE
	EndGlobalSection
	GlobalSection(ExtensibilityGlobals) = postSolution
		SolutionGuid = {E0F8C45F-D494-4B17-A699-E8D6AD2D4FCA}
	EndGlobalSection
EndGlobal
