{
  "name": "asp.net",
  "version": "1.0.0",
  "lockfileVersion": 1,
  "requires": true,
  "dependencies": {
    "@syncfusion/ej2-js-es5": {
      "version": "18.2.44",
      "resolved": "https://registry.npmjs.org/@syncfusion/ej2-js-es5/-/ej2-js-es5-18.2.44.tgz",
      "integrity": "sha512-VPs4nFmHvI3tMIpsHXT+NSDNtMkzRxB5vG3odCXfPb3B6Y3jzlGt7DqmdQIeFiau2zA8vSTdO+yEKp1kRBcvUw==",
      "dev": true
    }
  }
}
